
Microsoft Visual Studio Solution File, Format Version 12.00
# Visual Studio for Mac
Project("{FAE04EC0-301F-11D3-BF4B-00C04F79EFBC}") = "Assembly-CSharp", "Assembly-CSharp.csproj", "{BCEB3B7A-5439-392C-40F7-1466863680C6}"
EndProject
Project("{FAE04EC0-301F-11D3-BF4B-00C04F79EFBC}") = "Assembly-CSharp-Editor", "Assembly-CSharp-Editor.csproj", "{FE26B4D4-7697-F0F1-EEE2-B13BC6672452}"
EndProject
Global
	GlobalSection(SolutionConfigurationPlatforms) = preSolution
		Debug|Any CPU = Debug|Any CPU
		Release|Any CPU = Release|Any CPU
	EndGlobalSection
	GlobalSection(ProjectConfigurationPlatforms) = postSolution
		{BCEB3B7A-5439-392C-40F7-1466863680C6}.Debug|Any CPU.ActiveCfg = Debug|Any CPU
		{BCEB3B7A-5439-392C-40F7-1466863680C6}.Debug|Any CPU.Build.0 = Debug|Any CPU
		{BCEB3B7A-5439-392C-40F7-1466863680C6}.Release|Any CPU.ActiveCfg = Release|Any CPU
		{BCEB3B7A-5439-392C-40F7-1466863680C6}.Release|Any CPU.Build.0 = Release|Any CPU
		{FE26B4D4-7697-F0F1-EEE2-B13BC6672452}.Debug|Any CPU.ActiveCfg = Debug|Any CPU
		{FE26B4D4-7697-F0F1-EEE2-B13BC6672452}.Debug|Any CPU.Build.0 = Debug|Any CPU
		{FE26B4D4-7697-F0F1-EEE2-B13BC6672452}.Release|Any CPU.ActiveCfg = Release|Any CPU
		{FE26B4D4-7697-F0F1-EEE2-B13BC6672452}.Release|Any CPU.Build.0 = Release|Any CPU
	EndGlobalSection
	GlobalSection(SolutionProperties) = preSolution
		HideSolutionNode = FALSE
	EndGlobalSection
EndGlobal
