
Microsoft Visual Studio Solution File, Format Version 12.00
# Visual Studio for Mac
Project("{FAE04EC0-301F-11D3-BF4B-00C04F79EFBC}") = "Assembly-CSharp", "Assembly-CSharp.csproj", "{4EBDCCA3-EA64-ECF3-86CE-4D2F2C286820}"
EndProject
Project("{FAE04EC0-301F-11D3-BF4B-00C04F79EFBC}") = "Assembly-CSharp-Editor", "Assembly-CSharp-Editor.csproj", "{06830156-2F29-982E-44A9-9F81B1185919}"
EndProject
Global
	GlobalSection(SolutionConfigurationPlatforms) = preSolution
		Debug|Any CPU = Debug|Any CPU
		Release|Any CPU = Release|Any CPU
	EndGlobalSection
	GlobalSection(ProjectConfigurationPlatforms) = postSolution
		{4EBDCCA3-EA64-ECF3-86CE-4D2F2C286820}.Debug|Any CPU.ActiveCfg = Debug|Any CPU
		{4EBDCCA3-EA64-ECF3-86CE-4D2F2C286820}.Debug|Any CPU.Build.0 = Debug|Any CPU
		{4EBDCCA3-EA64-ECF3-86CE-4D2F2C286820}.Release|Any CPU.ActiveCfg = Release|Any CPU
		{4EBDCCA3-EA64-ECF3-86CE-4D2F2C286820}.Release|Any CPU.Build.0 = Release|Any CPU
		{06830156-2F29-982E-44A9-9F81B1185919}.Debug|Any CPU.ActiveCfg = Debug|Any CPU
		{06830156-2F29-982E-44A9-9F81B1185919}.Debug|Any CPU.Build.0 = Debug|Any CPU
		{06830156-2F29-982E-44A9-9F81B1185919}.Release|Any CPU.ActiveCfg = Release|Any CPU
		{06830156-2F29-982E-44A9-9F81B1185919}.Release|Any CPU.Build.0 = Release|Any CPU
	EndGlobalSection
	GlobalSection(SolutionProperties) = preSolution
		HideSolutionNode = FALSE
	EndGlobalSection
EndGlobal
